
Microsoft Visual Studio Solution File, Format Version 12.00
# Visual Studio Version 16
VisualStudioVersion = 16.0.30309.148
MinimumVisualStudioVersion = 10.0.40219.1
Project("{FAE04EC0-301F-11D3-BF4B-00C04F79EFBC}") = "ProstoChislo_GeorgiApostolov", "ProstoChislo_GeorgiApostolov\ProstoChislo_GeorgiApostolov.csproj", "{FD2559AB-9F02-4120-B211-ADCEC56BB28E}"
EndProject
Global
	GlobalSection(SolutionConfigurationPlatforms) = preSolution
		Debug|Any CPU = Debug|Any CPU
		Release|Any CPU = Release|Any CPU
	EndGlobalSection
	GlobalSection(ProjectConfigurationPlatforms) = postSolution
		{FD2559AB-9F02-4120-B211-ADCEC56BB28E}.Debug|Any CPU.ActiveCfg = Debug|Any CPU
		{FD2559AB-9F02-4120-B211-ADCEC56BB28E}.Debug|Any CPU.Build.0 = Debug|Any CPU
		{FD2559AB-9F02-4120-B211-ADCEC56BB28E}.Release|Any CPU.ActiveCfg = Release|Any CPU
		{FD2559AB-9F02-4120-B211-ADCEC56BB28E}.Release|Any CPU.Build.0 = Release|Any CPU
	EndGlobalSection
	GlobalSection(SolutionProperties) = preSolution
		HideSolutionNode = FALSE
	EndGlobalSection
	GlobalSection(ExtensibilityGlobals) = postSolution
		SolutionGuid = {FA835BE9-5B84-41C4-A496-3E94ADC9D9E3}
	EndGlobalSection
EndGlobal
