
Microsoft Visual Studio Solution File, Format Version 12.00
# Visual Studio Version 16
VisualStudioVersion = 16.0.30309.148
MinimumVisualStudioVersion = 10.0.40219.1
Project("{FAE04EC0-301F-11D3-BF4B-00C04F79EFBC}") = "Cikli_GeorgiApostolov", "Cikli_GeorgiApostolov\Cikli_GeorgiApostolov.csproj", "{DCF8DECD-81D4-4262-BEFA-7FE7844F0139}"
EndProject
Global
	GlobalSection(SolutionConfigurationPlatforms) = preSolution
		Debug|Any CPU = Debug|Any CPU
		Release|Any CPU = Release|Any CPU
	EndGlobalSection
	GlobalSection(ProjectConfigurationPlatforms) = postSolution
		{DCF8DECD-81D4-4262-BEFA-7FE7844F0139}.Debug|Any CPU.ActiveCfg = Debug|Any CPU
		{DCF8DECD-81D4-4262-BEFA-7FE7844F0139}.Debug|Any CPU.Build.0 = Debug|Any CPU
		{DCF8DECD-81D4-4262-BEFA-7FE7844F0139}.Release|Any CPU.ActiveCfg = Release|Any CPU
		{DCF8DECD-81D4-4262-BEFA-7FE7844F0139}.Release|Any CPU.Build.0 = Release|Any CPU
	EndGlobalSection
	GlobalSection(SolutionProperties) = preSolution
		HideSolutionNode = FALSE
	EndGlobalSection
	GlobalSection(ExtensibilityGlobals) = postSolution
		SolutionGuid = {E648EBF2-61C7-4652-B89F-A37CCC099223}
	EndGlobalSection
EndGlobal
